
Microsoft Visual Studio Solution File, Format Version 12.00
# Visual Studio 14
VisualStudioVersion = 14.0.25420.1
MinimumVisualStudioVersion = 10.0.40219.1
Project("{FAE04EC0-301F-11D3-BF4B-00C04F79EFBC}") = "PruebaRefUnicaOpenpay", "PruebaRefUnicaOpenpay\PruebaRefUnicaOpenpay.csproj", "{878347B3-23F8-4C66-893A-B8A7A79828A4}"
EndProject
Global
	GlobalSection(SolutionConfigurationPlatforms) = preSolution
		Debug|Any CPU = Debug|Any CPU
		Release|Any CPU = Release|Any CPU
	EndGlobalSection
	GlobalSection(ProjectConfigurationPlatforms) = postSolution
		{878347B3-23F8-4C66-893A-B8A7A79828A4}.Debug|Any CPU.ActiveCfg = Debug|Any CPU
		{878347B3-23F8-4C66-893A-B8A7A79828A4}.Debug|Any CPU.Build.0 = Debug|Any CPU
		{878347B3-23F8-4C66-893A-B8A7A79828A4}.Release|Any CPU.ActiveCfg = Release|Any CPU
		{878347B3-23F8-4C66-893A-B8A7A79828A4}.Release|Any CPU.Build.0 = Release|Any CPU
	EndGlobalSection
	GlobalSection(SolutionProperties) = preSolution
		HideSolutionNode = FALSE
	EndGlobalSection
EndGlobal
